
Microsoft Visual Studio Solution File, Format Version 12.00
# Visual Studio Version 17
VisualStudioVersion = 17.8.34330.188
MinimumVisualStudioVersion = 10.0.40219.1
Project("{FAE04EC0-301F-11D3-BF4B-00C04F79EFBC}") = "SalesWeb", "SalesWeb\SalesWeb.csproj", "{18F8F928-684E-4D6E-AB5E-A268846F5FEE}"
EndProject
Global
	GlobalSection(SolutionConfigurationPlatforms) = preSolution
		Debug|Any CPU = Debug|Any CPU
		Release|Any CPU = Release|Any CPU
	EndGlobalSection
	GlobalSection(ProjectConfigurationPlatforms) = postSolution
		{18F8F928-684E-4D6E-AB5E-A268846F5FEE}.Debug|Any CPU.ActiveCfg = Debug|Any CPU
		{18F8F928-684E-4D6E-AB5E-A268846F5FEE}.Debug|Any CPU.Build.0 = Debug|Any CPU
		{18F8F928-684E-4D6E-AB5E-A268846F5FEE}.Release|Any CPU.ActiveCfg = Release|Any CPU
		{18F8F928-684E-4D6E-AB5E-A268846F5FEE}.Release|Any CPU.Build.0 = Release|Any CPU
	EndGlobalSection
	GlobalSection(SolutionProperties) = preSolution
		HideSolutionNode = FALSE
	EndGlobalSection
	GlobalSection(ExtensibilityGlobals) = postSolution
		SolutionGuid = {AC979306-0FDA-4484-A649-55E4018EE526}
	EndGlobalSection
EndGlobal
